
Microsoft Visual Studio Solution File, Format Version 12.00
# Visual Studio Version 17
VisualStudioVersion = 17.1.32228.430
MinimumVisualStudioVersion = 10.0.40219.1
Project("{FAE04EC0-301F-11D3-BF4B-00C04F79EFBC}") = "Escuela", "Escuela\Escuela.csproj", "{1D5AB7A9-44A1-424C-BD83-C218ADDB24BD}"
EndProject
Global
	GlobalSection(SolutionConfigurationPlatforms) = preSolution
		Debug|Any CPU = Debug|Any CPU
		Release|Any CPU = Release|Any CPU
	EndGlobalSection
	GlobalSection(ProjectConfigurationPlatforms) = postSolution
		{1D5AB7A9-44A1-424C-BD83-C218ADDB24BD}.Debug|Any CPU.ActiveCfg = Debug|Any CPU
		{1D5AB7A9-44A1-424C-BD83-C218ADDB24BD}.Debug|Any CPU.Build.0 = Debug|Any CPU
		{1D5AB7A9-44A1-424C-BD83-C218ADDB24BD}.Release|Any CPU.ActiveCfg = Release|Any CPU
		{1D5AB7A9-44A1-424C-BD83-C218ADDB24BD}.Release|Any CPU.Build.0 = Release|Any CPU
	EndGlobalSection
	GlobalSection(SolutionProperties) = preSolution
		HideSolutionNode = FALSE
	EndGlobalSection
	GlobalSection(ExtensibilityGlobals) = postSolution
		SolutionGuid = {ADECB6D5-F96C-491C-9942-7B6B7B4F538A}
	EndGlobalSection
EndGlobal
